// !$*UTF8*$!
{
	archiveVersion = 1;
	classes = {
	};
	objectVersion = 50;
	objects = {

/* Begin PBXBuildFile section */
		1098AC4FF4B7745243BF70032ED02D24 /* RxCocoa.framework in Frameworks */ = {isa = PBXBuildFile; fileRef = 43C5C76FBA608905EACFE3700A9CF5EF /* RxCocoa.framework */; };
		BCB1C0993C0837B2E9694B84DDD2657B /* RxRelay.framework in Frameworks */ = {isa = PBXBuildFile; fileRef = 652727006C059D7CC5BE4084D60436B7 /* RxRelay.framework */; };
		D4B60FEA04312DC06FA9D586E29DD47B /* RxSwift.framework in Frameworks */ = {isa = PBXBuildFile; fileRef = A499816C85EE9A576CFCFAF0A1FC65F1 /* RxSwift.framework */; };
		F3BB5E86228331BC00CBD621 /* AppDelegate.swift in Sources */ = {isa = PBXBuildFile; fileRef = F3BB5E85228331BC00CBD621 /* AppDelegate.swift */; };
		F3BB5E8D228331BC00CBD621 /* Assets.xcassets in Resources */ = {isa = PBXBuildFile; fileRef = F3BB5E8C228331BC00CBD621 /* Assets.xcassets */; };
		F3BB5E90228331BC00CBD621 /* LaunchScreen.storyboard in Resources */ = {isa = PBXBuildFile; fileRef = F3BB5E8E228331BC00CBD621 /* LaunchScreen.storyboard */; };
		F3BB5E9B228331BC00CBD621 /* WikiaTests.swift in Sources */ = {isa = PBXBuildFile; fileRef = F3BB5E9A228331BC00CBD621 /* WikiaTests.swift */; };
		F3BB5EAC2283340000CBD621 /* Wikias.storyboard in Resources */ = {isa = PBXBuildFile; fileRef = F3BB5EAB2283340000CBD621 /* Wikias.storyboard */; };
		F3BB5EAF2283402800CBD621 /* WikiaListViewController.swift in Sources */ = {isa = PBXBuildFile; fileRef = F3BB5EAE2283402800CBD621 /* WikiaListViewController.swift */; };
		F3BB5EB12283406D00CBD621 /* WikiaViewCell.swift in Sources */ = {isa = PBXBuildFile; fileRef = F3BB5EB02283406D00CBD621 /* WikiaViewCell.swift */; };
		F3BB5EB4228476D500CBD621 /* CALayer+IB.swift in Sources */ = {isa = PBXBuildFile; fileRef = F3BB5EB3228476D500CBD621 /* CALayer+IB.swift */; };
/* End PBXBuildFile section */

/* Begin PBXContainerItemProxy section */
		F3BB5E97228331BC00CBD621 /* PBXContainerItemProxy */ = {
			isa = PBXContainerItemProxy;
			containerPortal = F3BB5E7A228331BC00CBD621 /* Project object */;
			proxyType = 1;
			remoteGlobalIDString = F3BB5E81228331BC00CBD621;
			remoteInfo = Wikia;
		};
/* End PBXContainerItemProxy section */

/* Begin PBXFileReference section */
		43C5C76FBA608905EACFE3700A9CF5EF /* RxCocoa.framework */ = {isa = PBXFileReference; explicitFileType = wrapper.framework; name = RxCocoa.framework; path = Dependencies/iOS/RxCocoa.framework; sourceTree = "<group>"; };
		652727006C059D7CC5BE4084D60436B7 /* RxRelay.framework */ = {isa = PBXFileReference; explicitFileType = wrapper.framework; name = RxRelay.framework; path = Dependencies/iOS/RxRelay.framework; sourceTree = "<group>"; };
		A499816C85EE9A576CFCFAF0A1FC65F1 /* RxSwift.framework */ = {isa = PBXFileReference; explicitFileType = wrapper.framework; name = RxSwift.framework; path = Dependencies/iOS/RxSwift.framework; sourceTree = "<group>"; };
		F3BB5E82228331BC00CBD621 /* Wikia.app */ = {isa = PBXFileReference; explicitFileType = wrapper.application; includeInIndex = 0; path = Wikia.app; sourceTree = BUILT_PRODUCTS_DIR; };
		F3BB5E85228331BC00CBD621 /* AppDelegate.swift */ = {isa = PBXFileReference; lastKnownFileType = sourcecode.swift; path = AppDelegate.swift; sourceTree = "<group>"; };
		F3BB5E8C228331BC00CBD621 /* Assets.xcassets */ = {isa = PBXFileReference; lastKnownFileType = folder.assetcatalog; path = Assets.xcassets; sourceTree = "<group>"; };
		F3BB5E8F228331BC00CBD621 /* Base */ = {isa = PBXFileReference; lastKnownFileType = file.storyboard; name = Base; path = Base.lproj/LaunchScreen.storyboard; sourceTree = "<group>"; };
		F3BB5E91228331BC00CBD621 /* Info.plist */ = {isa = PBXFileReference; lastKnownFileType = text.plist.xml; path = Info.plist; sourceTree = "<group>"; };
		F3BB5E96228331BC00CBD621 /* WikiaTests.xctest */ = {isa = PBXFileReference; explicitFileType = wrapper.cfbundle; includeInIndex = 0; path = WikiaTests.xctest; sourceTree = BUILT_PRODUCTS_DIR; };
		F3BB5E9A228331BC00CBD621 /* WikiaTests.swift */ = {isa = PBXFileReference; lastKnownFileType = sourcecode.swift; path = WikiaTests.swift; sourceTree = "<group>"; };
		F3BB5E9C228331BC00CBD621 /* Info.plist */ = {isa = PBXFileReference; lastKnownFileType = text.plist.xml; path = Info.plist; sourceTree = "<group>"; };
		F3BB5EAB2283340000CBD621 /* Wikias.storyboard */ = {isa = PBXFileReference; lastKnownFileType = file.storyboard; path = Wikias.storyboard; sourceTree = "<group>"; };
		F3BB5EAE2283402800CBD621 /* WikiaListViewController.swift */ = {isa = PBXFileReference; lastKnownFileType = sourcecode.swift; path = WikiaListViewController.swift; sourceTree = "<group>"; };
		F3BB5EB02283406D00CBD621 /* WikiaViewCell.swift */ = {isa = PBXFileReference; lastKnownFileType = sourcecode.swift; path = WikiaViewCell.swift; sourceTree = "<group>"; };
		F3BB5EB3228476D500CBD621 /* CALayer+IB.swift */ = {isa = PBXFileReference; lastKnownFileType = sourcecode.swift; path = "CALayer+IB.swift"; sourceTree = "<group>"; };
/* End PBXFileReference section */

/* Begin PBXFrameworksBuildPhase section */
		F3BB5E7F228331BC00CBD621 /* Frameworks */ = {
			isa = PBXFrameworksBuildPhase;
			buildActionMask = 2147483647;
			files = (
				D4B60FEA04312DC06FA9D586E29DD47B /* RxSwift.framework in Frameworks */,
				BCB1C0993C0837B2E9694B84DDD2657B /* RxRelay.framework in Frameworks */,
				1098AC4FF4B7745243BF70032ED02D24 /* RxCocoa.framework in Frameworks */,
			);
			runOnlyForDeploymentPostprocessing = 0;
		};
		F3BB5E93228331BC00CBD621 /* Frameworks */ = {
			isa = PBXFrameworksBuildPhase;
			buildActionMask = 2147483647;
			files = (
			);
			runOnlyForDeploymentPostprocessing = 0;
		};
/* End PBXFrameworksBuildPhase section */

/* Begin PBXGroup section */
		56D7E5F051DD7A603C970C8BBA27D559 /* Dependencies */ = {
			isa = PBXGroup;
			children = (
				88D007C64823CF611103EF89CEFDB841 /* Wikia */,
			);
			name = Dependencies;
			sourceTree = "<group>";
		};
		88D007C64823CF611103EF89CEFDB841 /* Wikia */ = {
			isa = PBXGroup;
			children = (
				43C5C76FBA608905EACFE3700A9CF5EF /* RxCocoa.framework */,
				652727006C059D7CC5BE4084D60436B7 /* RxRelay.framework */,
				A499816C85EE9A576CFCFAF0A1FC65F1 /* RxSwift.framework */,
			);
			name = Wikia;
			sourceTree = "<group>";
		};
		F3BB5E79228331BC00CBD621 = {
			isa = PBXGroup;
			children = (
				F3BB5E84228331BC00CBD621 /* Wikia */,
				F3BB5E99228331BC00CBD621 /* WikiaTests */,
				F3BB5E83228331BC00CBD621 /* Products */,
				56D7E5F051DD7A603C970C8BBA27D559 /* Dependencies */,
			);
			sourceTree = "<group>";
		};
		F3BB5E83228331BC00CBD621 /* Products */ = {
			isa = PBXGroup;
			children = (
				F3BB5E82228331BC00CBD621 /* Wikia.app */,
				F3BB5E96228331BC00CBD621 /* WikiaTests.xctest */,
			);
			name = Products;
			sourceTree = "<group>";
		};
		F3BB5E84228331BC00CBD621 /* Wikia */ = {
			isa = PBXGroup;
			children = (
				F3BB5EA62283331500CBD621 /* Common */,
				F3BB5EA5228332E500CBD621 /* Config */,
				F3BB5EA72283332800CBD621 /* Misc */,
				F3BB5EA82283334D00CBD621 /* Resource */,
				F3BB5EA92283336700CBD621 /* Scene */,
			);
			path = Wikia;
			sourceTree = "<group>";
		};
		F3BB5E99228331BC00CBD621 /* WikiaTests */ = {
			isa = PBXGroup;
			children = (
				F3BB5E9A228331BC00CBD621 /* WikiaTests.swift */,
				F3BB5E9C228331BC00CBD621 /* Info.plist */,
			);
			path = WikiaTests;
			sourceTree = "<group>";
		};
		F3BB5EA5228332E500CBD621 /* Config */ = {
			isa = PBXGroup;
			children = (
				F3BB5E91228331BC00CBD621 /* Info.plist */,
			);
			path = Config;
			sourceTree = "<group>";
		};
		F3BB5EA62283331500CBD621 /* Common */ = {
			isa = PBXGroup;
			children = (
				F3BB5EB22284769400CBD621 /* Extensions */,
			);
			path = Common;
			sourceTree = "<group>";
		};
		F3BB5EA72283332800CBD621 /* Misc */ = {
			isa = PBXGroup;
			children = (
				F3BB5E85228331BC00CBD621 /* AppDelegate.swift */,
				F3BB5E8E228331BC00CBD621 /* LaunchScreen.storyboard */,
			);
			path = Misc;
			sourceTree = "<group>";
		};
		F3BB5EA82283334D00CBD621 /* Resource */ = {
			isa = PBXGroup;
			children = (
				F3BB5E8C228331BC00CBD621 /* Assets.xcassets */,
			);
			path = Resource;
			sourceTree = "<group>";
		};
		F3BB5EA92283336700CBD621 /* Scene */ = {
			isa = PBXGroup;
			children = (
				F3BB5EAA2283338100CBD621 /* Wikias */,
			);
			path = Scene;
			sourceTree = "<group>";
		};
		F3BB5EAA2283338100CBD621 /* Wikias */ = {
			isa = PBXGroup;
			children = (
				F3BB5EAD22833FD900CBD621 /* List */,
				F3BB5EAB2283340000CBD621 /* Wikias.storyboard */,
			);
			path = Wikias;
			sourceTree = "<group>";
		};
		F3BB5EAD22833FD900CBD621 /* List */ = {
			isa = PBXGroup;
			children = (
				F3BB5EAE2283402800CBD621 /* WikiaListViewController.swift */,
				F3BB5EB02283406D00CBD621 /* WikiaViewCell.swift */,
			);
			path = List;
			sourceTree = "<group>";
		};
		F3BB5EB22284769400CBD621 /* Extensions */ = {
			isa = PBXGroup;
			children = (
				F3BB5EB3228476D500CBD621 /* CALayer+IB.swift */,
			);
			path = Extensions;
			sourceTree = "<group>";
		};
/* End PBXGroup section */

/* Begin PBXNativeTarget section */
		F3BB5E81228331BC00CBD621 /* Wikia */ = {
			isa = PBXNativeTarget;
			buildConfigurationList = F3BB5E9F228331BC00CBD621 /* Build configuration list for PBXNativeTarget "Wikia" */;
			buildPhases = (
				F3BB5E7E228331BC00CBD621 /* Sources */,
				F3BB5E7F228331BC00CBD621 /* Frameworks */,
				F3BB5E80228331BC00CBD621 /* Resources */,
				85E1B714240CC40559B12C087AE2DD80 /* Accio */,
			);
			buildRules = (
			);
			dependencies = (
			);
			name = Wikia;
			productName = Wikia;
			productReference = F3BB5E82228331BC00CBD621 /* Wikia.app */;
			productType = "com.apple.product-type.application";
		};
		F3BB5E95228331BC00CBD621 /* WikiaTests */ = {
			isa = PBXNativeTarget;
			buildConfigurationList = F3BB5EA2228331BC00CBD621 /* Build configuration list for PBXNativeTarget "WikiaTests" */;
			buildPhases = (
				F3BB5E92228331BC00CBD621 /* Sources */,
				F3BB5E93228331BC00CBD621 /* Frameworks */,
				F3BB5E94228331BC00CBD621 /* Resources */,
			);
			buildRules = (
			);
			dependencies = (
				F3BB5E98228331BC00CBD621 /* PBXTargetDependency */,
			);
			name = WikiaTests;
			productName = WikiaTests;
			productReference = F3BB5E96228331BC00CBD621 /* WikiaTests.xctest */;
			productType = "com.apple.product-type.bundle.unit-test";
		};
/* End PBXNativeTarget section */

/* Begin PBXProject section */
		F3BB5E7A228331BC00CBD621 /* Project object */ = {
			isa = PBXProject;
			attributes = {
				LastSwiftUpdateCheck = 1020;
				LastUpgradeCheck = 1020;
				ORGANIZATIONNAME = lyzkov;
				TargetAttributes = {
					F3BB5E81228331BC00CBD621 = {
						CreatedOnToolsVersion = 10.2.1;
					};
					F3BB5E95228331BC00CBD621 = {
						CreatedOnToolsVersion = 10.2.1;
						TestTargetID = F3BB5E81228331BC00CBD621;
					};
				};
			};
			buildConfigurationList = F3BB5E7D228331BC00CBD621 /* Build configuration list for PBXProject "Wikia" */;
			compatibilityVersion = "Xcode 9.3";
			developmentRegion = en;
			hasScannedForEncodings = 0;
			knownRegions = (
				en,
				Base,
			);
			mainGroup = F3BB5E79228331BC00CBD621;
			productRefGroup = F3BB5E83228331BC00CBD621 /* Products */;
			projectDirPath = "";
			projectRoot = "";
			targets = (
				F3BB5E81228331BC00CBD621 /* Wikia */,
				F3BB5E95228331BC00CBD621 /* WikiaTests */,
			);
		};
/* End PBXProject section */

/* Begin PBXResourcesBuildPhase section */
		F3BB5E80228331BC00CBD621 /* Resources */ = {
			isa = PBXResourcesBuildPhase;
			buildActionMask = 2147483647;
			files = (
				F3BB5EAC2283340000CBD621 /* Wikias.storyboard in Resources */,
				F3BB5E90228331BC00CBD621 /* LaunchScreen.storyboard in Resources */,
				F3BB5E8D228331BC00CBD621 /* Assets.xcassets in Resources */,
			);
			runOnlyForDeploymentPostprocessing = 0;
		};
		F3BB5E94228331BC00CBD621 /* Resources */ = {
			isa = PBXResourcesBuildPhase;
			buildActionMask = 2147483647;
			files = (
			);
			runOnlyForDeploymentPostprocessing = 0;
		};
/* End PBXResourcesBuildPhase section */

/* Begin PBXShellScriptBuildPhase section */
		85E1B714240CC40559B12C087AE2DD80 /* Accio */ = {
			isa = PBXShellScriptBuildPhase;
			buildActionMask = 2147483647;
			files = (
			);
			inputPaths = (
				"$(SRCROOT)/Dependencies/iOS/RxCocoa.framework",
				"$(SRCROOT)/Dependencies/iOS/RxRelay.framework",
				"$(SRCROOT)/Dependencies/iOS/RxSwift.framework",
			);
			name = Accio;
			outputPaths = (
				"$(BUILT_PRODUCTS_DIR)/$(FRAMEWORKS_FOLDER_PATH)/RxCocoa.framework",
				"$(BUILT_PRODUCTS_DIR)/$(FRAMEWORKS_FOLDER_PATH)/RxRelay.framework",
				"$(BUILT_PRODUCTS_DIR)/$(FRAMEWORKS_FOLDER_PATH)/RxSwift.framework",
			);
			runOnlyForDeploymentPostprocessing = 0;
			shellPath = /bin/sh;
			shellScript = "/usr/local/bin/carthage copy-frameworks\n";
		};
/* End PBXShellScriptBuildPhase section */

/* Begin PBXSourcesBuildPhase section */
		F3BB5E7E228331BC00CBD621 /* Sources */ = {
			isa = PBXSourcesBuildPhase;
			buildActionMask = 2147483647;
			files = (
				F3BB5EB12283406D00CBD621 /* WikiaViewCell.swift in Sources */,
				F3BB5EAF2283402800CBD621 /* WikiaListViewController.swift in Sources */,
				F3BB5EB4228476D500CBD621 /* CALayer+IB.swift in Sources */,
				F3BB5E86228331BC00CBD621 /* AppDelegate.swift in Sources */,
			);
			runOnlyForDeploymentPostprocessing = 0;
		};
		F3BB5E92228331BC00CBD621 /* Sources */ = {
			isa = PBXSourcesBuildPhase;
			buildActionMask = 2147483647;
			files = (
				F3BB5E9B228331BC00CBD621 /* WikiaTests.swift in Sources */,
			);
			runOnlyForDeploymentPostprocessing = 0;
		};
/* End PBXSourcesBuildPhase section */

/* Begin PBXTargetDependency section */
		F3BB5E98228331BC00CBD621 /* PBXTargetDependency */ = {
			isa = PBXTargetDependency;
			target = F3BB5E81228331BC00CBD621 /* Wikia */;
			targetProxy = F3BB5E97228331BC00CBD621 /* PBXContainerItemProxy */;
		};
/* End PBXTargetDependency section */

/* Begin PBXVariantGroup section */
		F3BB5E8E228331BC00CBD621 /* LaunchScreen.storyboard */ = {
			isa = PBXVariantGroup;
			children = (
				F3BB5E8F228331BC00CBD621 /* Base */,
			);
			name = LaunchScreen.storyboard;
			sourceTree = "<group>";
		};
/* End PBXVariantGroup section */

/* Begin XCBuildConfiguration section */
		F3BB5E9D228331BC00CBD621 /* Debug */ = {
			isa = XCBuildConfiguration;
			buildSettings = {
				ALWAYS_SEARCH_USER_PATHS = NO;
				CLANG_ANALYZER_NONNULL = YES;
				CLANG_ANALYZER_NUMBER_OBJECT_CONVERSION = YES_AGGRESSIVE;
				CLANG_CXX_LANGUAGE_STANDARD = "gnu++14";
				CLANG_CXX_LIBRARY = "libc++";
				CLANG_ENABLE_MODULES = YES;
				CLANG_ENABLE_OBJC_ARC = YES;
				CLANG_ENABLE_OBJC_WEAK = YES;
				CLANG_WARN_BLOCK_CAPTURE_AUTORELEASING = YES;
				CLANG_WARN_BOOL_CONVERSION = YES;
				CLANG_WARN_COMMA = YES;
				CLANG_WARN_CONSTANT_CONVERSION = YES;
				CLANG_WARN_DEPRECATED_OBJC_IMPLEMENTATIONS = YES;
				CLANG_WARN_DIRECT_OBJC_ISA_USAGE = YES_ERROR;
				CLANG_WARN_DOCUMENTATION_COMMENTS = YES;
				CLANG_WARN_EMPTY_BODY = YES;
				CLANG_WARN_ENUM_CONVERSION = YES;
				CLANG_WARN_INFINITE_RECURSION = YES;
				CLANG_WARN_INT_CONVERSION = YES;
				CLANG_WARN_NON_LITERAL_NULL_CONVERSION = YES;
				CLANG_WARN_OBJC_IMPLICIT_RETAIN_SELF = YES;
				CLANG_WARN_OBJC_LITERAL_CONVERSION = YES;
				CLANG_WARN_OBJC_ROOT_CLASS = YES_ERROR;
				CLANG_WARN_RANGE_LOOP_ANALYSIS = YES;
				CLANG_WARN_STRICT_PROTOTYPES = YES;
				CLANG_WARN_SUSPICIOUS_MOVE = YES;
				CLANG_WARN_UNGUARDED_AVAILABILITY = YES_AGGRESSIVE;
				CLANG_WARN_UNREACHABLE_CODE = YES;
				CLANG_WARN__DUPLICATE_METHOD_MATCH = YES;
				CODE_SIGN_IDENTITY = "iPhone Developer";
				COPY_PHASE_STRIP = NO;
				DEBUG_INFORMATION_FORMAT = dwarf;
				ENABLE_STRICT_OBJC_MSGSEND = YES;
				ENABLE_TESTABILITY = YES;
				GCC_C_LANGUAGE_STANDARD = gnu11;
				GCC_DYNAMIC_NO_PIC = NO;
				GCC_NO_COMMON_BLOCKS = YES;
				GCC_OPTIMIZATION_LEVEL = 0;
				GCC_PREPROCESSOR_DEFINITIONS = (
					"DEBUG=1",
					"$(inherited)",
				);
				GCC_WARN_64_TO_32_BIT_CONVERSION = YES;
				GCC_WARN_ABOUT_RETURN_TYPE = YES_ERROR;
				GCC_WARN_UNDECLARED_SELECTOR = YES;
				GCC_WARN_UNINITIALIZED_AUTOS = YES_AGGRESSIVE;
				GCC_WARN_UNUSED_FUNCTION = YES;
				GCC_WARN_UNUSED_VARIABLE = YES;
				IPHONEOS_DEPLOYMENT_TARGET = 12.2;
				MTL_ENABLE_DEBUG_INFO = INCLUDE_SOURCE;
				MTL_FAST_MATH = YES;
				ONLY_ACTIVE_ARCH = YES;
				SDKROOT = iphoneos;
				SWIFT_ACTIVE_COMPILATION_CONDITIONS = DEBUG;
				SWIFT_OPTIMIZATION_LEVEL = "-Onone";
			};
			name = Debug;
		};
		F3BB5E9E228331BC00CBD621 /* Release */ = {
			isa = XCBuildConfiguration;
			buildSettings = {
				ALWAYS_SEARCH_USER_PATHS = NO;
				CLANG_ANALYZER_NONNULL = YES;
				CLANG_ANALYZER_NUMBER_OBJECT_CONVERSION = YES_AGGRESSIVE;
				CLANG_CXX_LANGUAGE_STANDARD = "gnu++14";
				CLANG_CXX_LIBRARY = "libc++";
				CLANG_ENABLE_MODULES = YES;
				CLANG_ENABLE_OBJC_ARC = YES;
				CLANG_ENABLE_OBJC_WEAK = YES;
				CLANG_WARN_BLOCK_CAPTURE_AUTORELEASING = YES;
				CLANG_WARN_BOOL_CONVERSION = YES;
				CLANG_WARN_COMMA = YES;
				CLANG_WARN_CONSTANT_CONVERSION = YES;
				CLANG_WARN_DEPRECATED_OBJC_IMPLEMENTATIONS = YES;
				CLANG_WARN_DIRECT_OBJC_ISA_USAGE = YES_ERROR;
				CLANG_WARN_DOCUMENTATION_COMMENTS = YES;
				CLANG_WARN_EMPTY_BODY = YES;
				CLANG_WARN_ENUM_CONVERSION = YES;
				CLANG_WARN_INFINITE_RECURSION = YES;
				CLANG_WARN_INT_CONVERSION = YES;
				CLANG_WARN_NON_LITERAL_NULL_CONVERSION = YES;
				CLANG_WARN_OBJC_IMPLICIT_RETAIN_SELF = YES;
				CLANG_WARN_OBJC_LITERAL_CONVERSION = YES;
				CLANG_WARN_OBJC_ROOT_CLASS = YES_ERROR;
				CLANG_WARN_RANGE_LOOP_ANALYSIS = YES;
				CLANG_WARN_STRICT_PROTOTYPES = YES;
				CLANG_WARN_SUSPICIOUS_MOVE = YES;
				CLANG_WARN_UNGUARDED_AVAILABILITY = YES_AGGRESSIVE;
				CLANG_WARN_UNREACHABLE_CODE = YES;
				CLANG_WARN__DUPLICATE_METHOD_MATCH = YES;
				CODE_SIGN_IDENTITY = "iPhone Developer";
				COPY_PHASE_STRIP = NO;
				DEBUG_INFORMATION_FORMAT = "dwarf-with-dsym";
				ENABLE_NS_ASSERTIONS = NO;
				ENABLE_STRICT_OBJC_MSGSEND = YES;
				GCC_C_LANGUAGE_STANDARD = gnu11;
				GCC_NO_COMMON_BLOCKS = YES;
				GCC_WARN_64_TO_32_BIT_CONVERSION = YES;
				GCC_WARN_ABOUT_RETURN_TYPE = YES_ERROR;
				GCC_WARN_UNDECLARED_SELECTOR = YES;
				GCC_WARN_UNINITIALIZED_AUTOS = YES_AGGRESSIVE;
				GCC_WARN_UNUSED_FUNCTION = YES;
				GCC_WARN_UNUSED_VARIABLE = YES;
				IPHONEOS_DEPLOYMENT_TARGET = 12.2;
				MTL_ENABLE_DEBUG_INFO = NO;
				MTL_FAST_MATH = YES;
				SDKROOT = iphoneos;
				SWIFT_COMPILATION_MODE = wholemodule;
				SWIFT_OPTIMIZATION_LEVEL = "-O";
				VALIDATE_PRODUCT = YES;
			};
			name = Release;
		};
		F3BB5EA0228331BC00CBD621 /* Debug */ = {
			isa = XCBuildConfiguration;
			buildSettings = {
				ASSETCATALOG_COMPILER_APPICON_NAME = AppIcon;
				CODE_SIGN_IDENTITY = "iPhone Developer";
				CODE_SIGN_STYLE = Automatic;
				DEVELOPMENT_TEAM = "";
				FRAMEWORK_SEARCH_PATHS = (
					"$(inherited)",
					"$(PROJECT_DIR)/Dependencies/iOS",
				);
				INFOPLIST_FILE = Wikia/Config/Info.plist;
				LD_RUNPATH_SEARCH_PATHS = (
					"$(inherited)",
					"@executable_path/Frameworks",
				);
				PRODUCT_BUNDLE_IDENTIFIER = com.lyzkov.Wikia;
				PRODUCT_NAME = "$(TARGET_NAME)";
				PROVISIONING_PROFILE_SPECIFIER = "";
				SWIFT_VERSION = 5.0;
				TARGETED_DEVICE_FAMILY = 1;
			};
			name = Debug;
		};
		F3BB5EA1228331BC00CBD621 /* Release */ = {
			isa = XCBuildConfiguration;
			buildSettings = {
				ASSETCATALOG_COMPILER_APPICON_NAME = AppIcon;
				CODE_SIGN_IDENTITY = "iPhone Developer";
				CODE_SIGN_STYLE = Automatic;
				DEVELOPMENT_TEAM = "";
				FRAMEWORK_SEARCH_PATHS = (
					"$(inherited)",
					"$(PROJECT_DIR)/Dependencies/iOS",
				);
				INFOPLIST_FILE = Wikia/Config/Info.plist;
				LD_RUNPATH_SEARCH_PATHS = (
					"$(inherited)",
					"@executable_path/Frameworks",
				);
				PRODUCT_BUNDLE_IDENTIFIER = com.lyzkov.Wikia;
				PRODUCT_NAME = "$(TARGET_NAME)";
				PROVISIONING_PROFILE_SPECIFIER = "";
				SWIFT_VERSION = 5.0;
				TARGETED_DEVICE_FAMILY = 1;
			};
			name = Release;
		};
		F3BB5EA3228331BC00CBD621 /* Debug */ = {
			isa = XCBuildConfiguration;
			buildSettings = {
				ALWAYS_EMBED_SWIFT_STANDARD_LIBRARIES = YES;
				BUNDLE_LOADER = "$(TEST_HOST)";
				CODE_SIGN_STYLE = Automatic;
				DEVELOPMENT_TEAM = WPZC96H3B4;
				INFOPLIST_FILE = WikiaTests/Info.plist;
				LD_RUNPATH_SEARCH_PATHS = (
					"$(inherited)",
					"@executable_path/Frameworks",
					"@loader_path/Frameworks",
				);
				PRODUCT_BUNDLE_IDENTIFIER = com.lyzkov.WikiaTests;
				PRODUCT_NAME = "$(TARGET_NAME)";
				SWIFT_VERSION = 5.0;
				TARGETED_DEVICE_FAMILY = "1,2";
				TEST_HOST = "$(BUILT_PRODUCTS_DIR)/Wikia.app/Wikia";
			};
			name = Debug;
		};
		F3BB5EA4228331BC00CBD621 /* Release */ = {
			isa = XCBuildConfiguration;
			buildSettings = {
				ALWAYS_EMBED_SWIFT_STANDARD_LIBRARIES = YES;
				BUNDLE_LOADER = "$(TEST_HOST)";
				CODE_SIGN_STYLE = Automatic;
				DEVELOPMENT_TEAM = WPZC96H3B4;
				INFOPLIST_FILE = WikiaTests/Info.plist;
				LD_RUNPATH_SEARCH_PATHS = (
					"$(inherited)",
					"@executable_path/Frameworks",
					"@loader_path/Frameworks",
				);
				PRODUCT_BUNDLE_IDENTIFIER = com.lyzkov.WikiaTests;
				PRODUCT_NAME = "$(TARGET_NAME)";
				SWIFT_VERSION = 5.0;
				TARGETED_DEVICE_FAMILY = "1,2";
				TEST_HOST = "$(BUILT_PRODUCTS_DIR)/Wikia.app/Wikia";
			};
			name = Release;
		};
/* End XCBuildConfiguration section */

/* Begin XCConfigurationList section */
		F3BB5E7D228331BC00CBD621 /* Build configuration list for PBXProject "Wikia" */ = {
			isa = XCConfigurationList;
			buildConfigurations = (
				F3BB5E9D228331BC00CBD621 /* Debug */,
				F3BB5E9E228331BC00CBD621 /* Release */,
			);
			defaultConfigurationIsVisible = 0;
			defaultConfigurationName = Release;
		};
		F3BB5E9F228331BC00CBD621 /* Build configuration list for PBXNativeTarget "Wikia" */ = {
			isa = XCConfigurationList;
			buildConfigurations = (
				F3BB5EA0228331BC00CBD621 /* Debug */,
				F3BB5EA1228331BC00CBD621 /* Release */,
			);
			defaultConfigurationIsVisible = 0;
			defaultConfigurationName = Release;
		};
		F3BB5EA2228331BC00CBD621 /* Build configuration list for PBXNativeTarget "WikiaTests" */ = {
			isa = XCConfigurationList;
			buildConfigurations = (
				F3BB5EA3228331BC00CBD621 /* Debug */,
				F3BB5EA4228331BC00CBD621 /* Release */,
			);
			defaultConfigurationIsVisible = 0;
			defaultConfigurationName = Release;
		};
/* End XCConfigurationList section */
	};
	rootObject = F3BB5E7A228331BC00CBD621 /* Project object */;
}
