// !$*UTF8*$!
{
	archiveVersion = 1;
	classes = {
	};
	objectVersion = 50;
	objects = {

/* Begin PBXBuildFile section */
		00A221B31CCF995E20AFBC5D /* Pods_WikiaTests.framework in Frameworks */ = {isa = PBXBuildFile; fileRef = E5D10A7EAAAD76BF9BB28D31 /* Pods_WikiaTests.framework */; };
		020203C1848132A13FFB8D2A /* Pods_Wikia.framework in Frameworks */ = {isa = PBXBuildFile; fileRef = 77E77DEDC505D5185A07FDF3 /* Pods_Wikia.framework */; };
		F315B1B5228497FE00D445B2 /* Cyclone.swift in Sources */ = {isa = PBXBuildFile; fileRef = F315B1B4228497FE00D445B2 /* Cyclone.swift */; };
		F315B1B72284980800D445B2 /* Event.swift in Sources */ = {isa = PBXBuildFile; fileRef = F315B1B62284980800D445B2 /* Event.swift */; };
		F315B1B92284980F00D445B2 /* State.swift in Sources */ = {isa = PBXBuildFile; fileRef = F315B1B82284980F00D445B2 /* State.swift */; };
		F315B1BD2284989000D445B2 /* WikisListCyclone.swift in Sources */ = {isa = PBXBuildFile; fileRef = F315B1BC2284989000D445B2 /* WikisListCyclone.swift */; };
		F315B1BF22849C6300D445B2 /* WikiOverview.swift in Sources */ = {isa = PBXBuildFile; fileRef = F315B1BE22849C6300D445B2 /* WikiOverview.swift */; };
		F315B1C2228768A700D445B2 /* RestAPI.swift in Sources */ = {isa = PBXBuildFile; fileRef = F315B1C1228768A700D445B2 /* RestAPI.swift */; };
		F315B1C4228768BD00D445B2 /* Decode.swift in Sources */ = {isa = PBXBuildFile; fileRef = F315B1C3228768BD00D445B2 /* Decode.swift */; };
		F315B1C6228768D600D445B2 /* Endpoint.swift in Sources */ = {isa = PBXBuildFile; fileRef = F315B1C5228768D600D445B2 /* Endpoint.swift */; };
		F315B1C8228768EA00D445B2 /* HTTPHeaders.swift in Sources */ = {isa = PBXBuildFile; fileRef = F315B1C7228768EA00D445B2 /* HTTPHeaders.swift */; };
		F315B1CA2287690700D445B2 /* SessionManager.swift in Sources */ = {isa = PBXBuildFile; fileRef = F315B1C92287690700D445B2 /* SessionManager.swift */; };
		F315B1CC228769D700D445B2 /* URL+ExpressibleByString.swift in Sources */ = {isa = PBXBuildFile; fileRef = F315B1CB228769D700D445B2 /* URL+ExpressibleByString.swift */; };
		F315B1CF228770C400D445B2 /* WikiaAPI.swift in Sources */ = {isa = PBXBuildFile; fileRef = F315B1CE228770C400D445B2 /* WikiaAPI.swift */; };
		F315B1D122888B6700D445B2 /* WikiaEndpoint.swift in Sources */ = {isa = PBXBuildFile; fileRef = F315B1D022888B6700D445B2 /* WikiaEndpoint.swift */; };
		F315B1D422888BA900D445B2 /* Wiki.swift in Sources */ = {isa = PBXBuildFile; fileRef = F315B1D322888BA900D445B2 /* Wiki.swift */; };
		F315B1D6228890DE00D445B2 /* WikisPool.swift in Sources */ = {isa = PBXBuildFile; fileRef = F315B1D5228890DE00D445B2 /* WikisPool.swift */; };
		F315B1D82288911800D445B2 /* DataPool.swift in Sources */ = {isa = PBXBuildFile; fileRef = F315B1D72288911800D445B2 /* DataPool.swift */; };
		F315B1DA2288B09100D445B2 /* Operators.swift in Sources */ = {isa = PBXBuildFile; fileRef = F315B1D92288B09100D445B2 /* Operators.swift */; };
		F315B1DE2288B7FB00D445B2 /* R.generated.swift in Sources */ = {isa = PBXBuildFile; fileRef = F315B1DD2288B7FB00D445B2 /* R.generated.swift */; };
		F315B1E12288BA5A00D445B2 /* Feed.swift in Sources */ = {isa = PBXBuildFile; fileRef = F315B1E02288BA5A00D445B2 /* Feed.swift */; };
		F315B1E32288BD0F00D445B2 /* Batch.swift in Sources */ = {isa = PBXBuildFile; fileRef = F315B1E22288BD0F00D445B2 /* Batch.swift */; };
		F315B1E52288CD9E00D445B2 /* UIScrollView+Feed.swift in Sources */ = {isa = PBXBuildFile; fileRef = F315B1E42288CD9E00D445B2 /* UIScrollView+Feed.swift */; };
		F315B1F1228AF6BC00D445B2 /* WikiDetailsViewController.swift in Sources */ = {isa = PBXBuildFile; fileRef = F315B1F0228AF6BC00D445B2 /* WikiDetailsViewController.swift */; };
		F315B1F4228AF78600D445B2 /* WikiDetails.swift in Sources */ = {isa = PBXBuildFile; fileRef = F315B1F3228AF78600D445B2 /* WikiDetails.swift */; };
		F315B1F6228AF7D200D445B2 /* WikiDetailsCyclone.swift in Sources */ = {isa = PBXBuildFile; fileRef = F315B1F5228AF7D200D445B2 /* WikiDetailsCyclone.swift */; };
		F315B1F8228B8D9800D445B2 /* UIViewController+RxSegue.swift in Sources */ = {isa = PBXBuildFile; fileRef = F315B1F7228B8D9800D445B2 /* UIViewController+RxSegue.swift */; };
		F315B1FD228C452F00D445B2 /* WikiStats.swift in Sources */ = {isa = PBXBuildFile; fileRef = F315B1FC228C452F00D445B2 /* WikiStats.swift */; };
		F35B9187228CC7BE000F219A /* FixedHeightAspectFitImageView.swift in Sources */ = {isa = PBXBuildFile; fileRef = F35B9186228CC7BE000F219A /* FixedHeightAspectFitImageView.swift */; };
		F35B9189228CD043000F219A /* WebKit.framework in Frameworks */ = {isa = PBXBuildFile; fileRef = F35B9188228CD043000F219A /* WebKit.framework */; };
		F35B918D228CD0BF000F219A /* WikiWebsiteViewController.swift in Sources */ = {isa = PBXBuildFile; fileRef = F35B918C228CD0BF000F219A /* WikiWebsiteViewController.swift */; };
		F3BB5E86228331BC00CBD621 /* AppDelegate.swift in Sources */ = {isa = PBXBuildFile; fileRef = F3BB5E85228331BC00CBD621 /* AppDelegate.swift */; };
		F3BB5E8D228331BC00CBD621 /* Assets.xcassets in Resources */ = {isa = PBXBuildFile; fileRef = F3BB5E8C228331BC00CBD621 /* Assets.xcassets */; };
		F3BB5E90228331BC00CBD621 /* LaunchScreen.storyboard in Resources */ = {isa = PBXBuildFile; fileRef = F3BB5E8E228331BC00CBD621 /* LaunchScreen.storyboard */; };
		F3BB5E9B228331BC00CBD621 /* WikiaTests.swift in Sources */ = {isa = PBXBuildFile; fileRef = F3BB5E9A228331BC00CBD621 /* WikiaTests.swift */; };
		F3BB5EAC2283340000CBD621 /* Wikis.storyboard in Resources */ = {isa = PBXBuildFile; fileRef = F3BB5EAB2283340000CBD621 /* Wikis.storyboard */; };
		F3BB5EAF2283402800CBD621 /* WikisListViewController.swift in Sources */ = {isa = PBXBuildFile; fileRef = F3BB5EAE2283402800CBD621 /* WikisListViewController.swift */; };
		F3BB5EB12283406D00CBD621 /* WikiOverviewCell.swift in Sources */ = {isa = PBXBuildFile; fileRef = F3BB5EB02283406D00CBD621 /* WikiOverviewCell.swift */; };
		F3BB5EB4228476D500CBD621 /* CALayer+IB.swift in Sources */ = {isa = PBXBuildFile; fileRef = F3BB5EB3228476D500CBD621 /* CALayer+IB.swift */; };
		F3F75BB0229E90FB0050F1FC /* ErrorFiring.swift in Sources */ = {isa = PBXBuildFile; fileRef = F3F75BAF229E90FB0050F1FC /* ErrorFiring.swift */; };
		F3F75BB6229E91430050F1FC /* LogErrorHandler.swift in Sources */ = {isa = PBXBuildFile; fileRef = F3F75BB5229E91430050F1FC /* LogErrorHandler.swift */; };
		F3F75BBD22A0CC230050F1FC /* Retriable.swift in Sources */ = {isa = PBXBuildFile; fileRef = F3F75BBC22A0CC230050F1FC /* Retriable.swift */; };
		F3F75BBF22A147150050F1FC /* Loggable.swift in Sources */ = {isa = PBXBuildFile; fileRef = F3F75BBE22A147150050F1FC /* Loggable.swift */; };
/* End PBXBuildFile section */

/* Begin PBXContainerItemProxy section */
		F3BB5E97228331BC00CBD621 /* PBXContainerItemProxy */ = {
			isa = PBXContainerItemProxy;
			containerPortal = F3BB5E7A228331BC00CBD621 /* Project object */;
			proxyType = 1;
			remoteGlobalIDString = F3BB5E81228331BC00CBD621;
			remoteInfo = Wikia;
		};
/* End PBXContainerItemProxy section */

/* Begin PBXFileReference section */
		47AF0C932978662B95E86405 /* Pods-Wikia.debug.xcconfig */ = {isa = PBXFileReference; includeInIndex = 1; lastKnownFileType = text.xcconfig; name = "Pods-Wikia.debug.xcconfig"; path = "Target Support Files/Pods-Wikia/Pods-Wikia.debug.xcconfig"; sourceTree = "<group>"; };
		77E77DEDC505D5185A07FDF3 /* Pods_Wikia.framework */ = {isa = PBXFileReference; explicitFileType = wrapper.framework; includeInIndex = 0; path = Pods_Wikia.framework; sourceTree = BUILT_PRODUCTS_DIR; };
		89976763BEA122212FC9BF43 /* Pods-WikiaTests.debug.xcconfig */ = {isa = PBXFileReference; includeInIndex = 1; lastKnownFileType = text.xcconfig; name = "Pods-WikiaTests.debug.xcconfig"; path = "Target Support Files/Pods-WikiaTests/Pods-WikiaTests.debug.xcconfig"; sourceTree = "<group>"; };
		B93D1BA018626E2A770F51E7 /* Pods-WikiaTests.release.xcconfig */ = {isa = PBXFileReference; includeInIndex = 1; lastKnownFileType = text.xcconfig; name = "Pods-WikiaTests.release.xcconfig"; path = "Target Support Files/Pods-WikiaTests/Pods-WikiaTests.release.xcconfig"; sourceTree = "<group>"; };
		D98BED1B41D92B6D99124F1C /* Pods-Wikia.release.xcconfig */ = {isa = PBXFileReference; includeInIndex = 1; lastKnownFileType = text.xcconfig; name = "Pods-Wikia.release.xcconfig"; path = "Target Support Files/Pods-Wikia/Pods-Wikia.release.xcconfig"; sourceTree = "<group>"; };
		E5D10A7EAAAD76BF9BB28D31 /* Pods_WikiaTests.framework */ = {isa = PBXFileReference; explicitFileType = wrapper.framework; includeInIndex = 0; path = Pods_WikiaTests.framework; sourceTree = BUILT_PRODUCTS_DIR; };
		F315B1B4228497FE00D445B2 /* Cyclone.swift */ = {isa = PBXFileReference; lastKnownFileType = sourcecode.swift; path = Cyclone.swift; sourceTree = "<group>"; };
		F315B1B62284980800D445B2 /* Event.swift */ = {isa = PBXFileReference; lastKnownFileType = sourcecode.swift; path = Event.swift; sourceTree = "<group>"; };
		F315B1B82284980F00D445B2 /* State.swift */ = {isa = PBXFileReference; lastKnownFileType = sourcecode.swift; path = State.swift; sourceTree = "<group>"; };
		F315B1BC2284989000D445B2 /* WikisListCyclone.swift */ = {isa = PBXFileReference; lastKnownFileType = sourcecode.swift; path = WikisListCyclone.swift; sourceTree = "<group>"; };
		F315B1BE22849C6300D445B2 /* WikiOverview.swift */ = {isa = PBXFileReference; lastKnownFileType = sourcecode.swift; path = WikiOverview.swift; sourceTree = "<group>"; };
		F315B1C1228768A700D445B2 /* RestAPI.swift */ = {isa = PBXFileReference; lastKnownFileType = sourcecode.swift; path = RestAPI.swift; sourceTree = "<group>"; };
		F315B1C3228768BD00D445B2 /* Decode.swift */ = {isa = PBXFileReference; lastKnownFileType = sourcecode.swift; path = Decode.swift; sourceTree = "<group>"; };
		F315B1C5228768D600D445B2 /* Endpoint.swift */ = {isa = PBXFileReference; lastKnownFileType = sourcecode.swift; path = Endpoint.swift; sourceTree = "<group>"; };
		F315B1C7228768EA00D445B2 /* HTTPHeaders.swift */ = {isa = PBXFileReference; lastKnownFileType = sourcecode.swift; path = HTTPHeaders.swift; sourceTree = "<group>"; };
		F315B1C92287690700D445B2 /* SessionManager.swift */ = {isa = PBXFileReference; lastKnownFileType = sourcecode.swift; path = SessionManager.swift; sourceTree = "<group>"; };
		F315B1CB228769D700D445B2 /* URL+ExpressibleByString.swift */ = {isa = PBXFileReference; lastKnownFileType = sourcecode.swift; path = "URL+ExpressibleByString.swift"; sourceTree = "<group>"; };
		F315B1CE228770C400D445B2 /* WikiaAPI.swift */ = {isa = PBXFileReference; lastKnownFileType = sourcecode.swift; path = WikiaAPI.swift; sourceTree = "<group>"; };
		F315B1D022888B6700D445B2 /* WikiaEndpoint.swift */ = {isa = PBXFileReference; lastKnownFileType = sourcecode.swift; path = WikiaEndpoint.swift; sourceTree = "<group>"; };
		F315B1D322888BA900D445B2 /* Wiki.swift */ = {isa = PBXFileReference; lastKnownFileType = sourcecode.swift; path = Wiki.swift; sourceTree = "<group>"; };
		F315B1D5228890DE00D445B2 /* WikisPool.swift */ = {isa = PBXFileReference; lastKnownFileType = sourcecode.swift; path = WikisPool.swift; sourceTree = "<group>"; };
		F315B1D72288911800D445B2 /* DataPool.swift */ = {isa = PBXFileReference; lastKnownFileType = sourcecode.swift; path = DataPool.swift; sourceTree = "<group>"; };
		F315B1D92288B09100D445B2 /* Operators.swift */ = {isa = PBXFileReference; lastKnownFileType = sourcecode.swift; path = Operators.swift; sourceTree = "<group>"; };
		F315B1DD2288B7FB00D445B2 /* R.generated.swift */ = {isa = PBXFileReference; fileEncoding = 4; lastKnownFileType = sourcecode.swift; path = R.generated.swift; sourceTree = "<group>"; };
		F315B1E02288BA5A00D445B2 /* Feed.swift */ = {isa = PBXFileReference; lastKnownFileType = sourcecode.swift; path = Feed.swift; sourceTree = "<group>"; };
		F315B1E22288BD0F00D445B2 /* Batch.swift */ = {isa = PBXFileReference; lastKnownFileType = sourcecode.swift; path = Batch.swift; sourceTree = "<group>"; };
		F315B1E42288CD9E00D445B2 /* UIScrollView+Feed.swift */ = {isa = PBXFileReference; lastKnownFileType = sourcecode.swift; path = "UIScrollView+Feed.swift"; sourceTree = "<group>"; };
		F315B1F0228AF6BC00D445B2 /* WikiDetailsViewController.swift */ = {isa = PBXFileReference; lastKnownFileType = sourcecode.swift; path = WikiDetailsViewController.swift; sourceTree = "<group>"; };
		F315B1F3228AF78600D445B2 /* WikiDetails.swift */ = {isa = PBXFileReference; lastKnownFileType = sourcecode.swift; path = WikiDetails.swift; sourceTree = "<group>"; };
		F315B1F5228AF7D200D445B2 /* WikiDetailsCyclone.swift */ = {isa = PBXFileReference; lastKnownFileType = sourcecode.swift; path = WikiDetailsCyclone.swift; sourceTree = "<group>"; };
		F315B1F7228B8D9800D445B2 /* UIViewController+RxSegue.swift */ = {isa = PBXFileReference; lastKnownFileType = sourcecode.swift; path = "UIViewController+RxSegue.swift"; sourceTree = "<group>"; };
		F315B1FC228C452F00D445B2 /* WikiStats.swift */ = {isa = PBXFileReference; lastKnownFileType = sourcecode.swift; path = WikiStats.swift; sourceTree = "<group>"; };
		F35B9186228CC7BE000F219A /* FixedHeightAspectFitImageView.swift */ = {isa = PBXFileReference; lastKnownFileType = sourcecode.swift; path = FixedHeightAspectFitImageView.swift; sourceTree = "<group>"; };
		F35B9188228CD043000F219A /* WebKit.framework */ = {isa = PBXFileReference; lastKnownFileType = wrapper.framework; name = WebKit.framework; path = System/Library/Frameworks/WebKit.framework; sourceTree = SDKROOT; };
		F35B918C228CD0BF000F219A /* WikiWebsiteViewController.swift */ = {isa = PBXFileReference; lastKnownFileType = sourcecode.swift; path = WikiWebsiteViewController.swift; sourceTree = "<group>"; };
		F3BB5E82228331BC00CBD621 /* Wikia.app */ = {isa = PBXFileReference; explicitFileType = wrapper.application; includeInIndex = 0; path = Wikia.app; sourceTree = BUILT_PRODUCTS_DIR; };
		F3BB5E85228331BC00CBD621 /* AppDelegate.swift */ = {isa = PBXFileReference; lastKnownFileType = sourcecode.swift; path = AppDelegate.swift; sourceTree = "<group>"; };
		F3BB5E8C228331BC00CBD621 /* Assets.xcassets */ = {isa = PBXFileReference; lastKnownFileType = folder.assetcatalog; path = Assets.xcassets; sourceTree = "<group>"; };
		F3BB5E8F228331BC00CBD621 /* Base */ = {isa = PBXFileReference; lastKnownFileType = file.storyboard; name = Base; path = Base.lproj/LaunchScreen.storyboard; sourceTree = "<group>"; };
		F3BB5E91228331BC00CBD621 /* Info.plist */ = {isa = PBXFileReference; lastKnownFileType = text.plist.xml; path = Info.plist; sourceTree = "<group>"; };
		F3BB5E96228331BC00CBD621 /* WikiaTests.xctest */ = {isa = PBXFileReference; explicitFileType = wrapper.cfbundle; includeInIndex = 0; path = WikiaTests.xctest; sourceTree = BUILT_PRODUCTS_DIR; };
		F3BB5E9A228331BC00CBD621 /* WikiaTests.swift */ = {isa = PBXFileReference; lastKnownFileType = sourcecode.swift; path = WikiaTests.swift; sourceTree = "<group>"; };
		F3BB5E9C228331BC00CBD621 /* Info.plist */ = {isa = PBXFileReference; lastKnownFileType = text.plist.xml; path = Info.plist; sourceTree = "<group>"; };
		F3BB5EAB2283340000CBD621 /* Wikis.storyboard */ = {isa = PBXFileReference; lastKnownFileType = file.storyboard; path = Wikis.storyboard; sourceTree = "<group>"; };
		F3BB5EAE2283402800CBD621 /* WikisListViewController.swift */ = {isa = PBXFileReference; lastKnownFileType = sourcecode.swift; path = WikisListViewController.swift; sourceTree = "<group>"; };
		F3BB5EB02283406D00CBD621 /* WikiOverviewCell.swift */ = {isa = PBXFileReference; lastKnownFileType = sourcecode.swift; path = WikiOverviewCell.swift; sourceTree = "<group>"; };
		F3BB5EB3228476D500CBD621 /* CALayer+IB.swift */ = {isa = PBXFileReference; lastKnownFileType = sourcecode.swift; path = "CALayer+IB.swift"; sourceTree = "<group>"; };
		F3F75BAF229E90FB0050F1FC /* ErrorFiring.swift */ = {isa = PBXFileReference; lastKnownFileType = sourcecode.swift; path = ErrorFiring.swift; sourceTree = "<group>"; };
		F3F75BB5229E91430050F1FC /* LogErrorHandler.swift */ = {isa = PBXFileReference; lastKnownFileType = sourcecode.swift; path = LogErrorHandler.swift; sourceTree = "<group>"; };
		F3F75BBC22A0CC230050F1FC /* Retriable.swift */ = {isa = PBXFileReference; lastKnownFileType = sourcecode.swift; path = Retriable.swift; sourceTree = "<group>"; };
		F3F75BBE22A147150050F1FC /* Loggable.swift */ = {isa = PBXFileReference; lastKnownFileType = sourcecode.swift; path = Loggable.swift; sourceTree = "<group>"; };
/* End PBXFileReference section */

/* Begin PBXFrameworksBuildPhase section */
		F3BB5E7F228331BC00CBD621 /* Frameworks */ = {
			isa = PBXFrameworksBuildPhase;
			buildActionMask = 2147483647;
			files = (
				F35B9189228CD043000F219A /* WebKit.framework in Frameworks */,
				020203C1848132A13FFB8D2A /* Pods_Wikia.framework in Frameworks */,
			);
			runOnlyForDeploymentPostprocessing = 0;
		};
		F3BB5E93228331BC00CBD621 /* Frameworks */ = {
			isa = PBXFrameworksBuildPhase;
			buildActionMask = 2147483647;
			files = (
				00A221B31CCF995E20AFBC5D /* Pods_WikiaTests.framework in Frameworks */,
			);
			runOnlyForDeploymentPostprocessing = 0;
		};
/* End PBXFrameworksBuildPhase section */

/* Begin PBXGroup section */
		DCDAD49677D51F77EA8164EF /* Frameworks */ = {
			isa = PBXGroup;
			children = (
				F35B9188228CD043000F219A /* WebKit.framework */,
				77E77DEDC505D5185A07FDF3 /* Pods_Wikia.framework */,
				E5D10A7EAAAD76BF9BB28D31 /* Pods_WikiaTests.framework */,
			);
			name = Frameworks;
			sourceTree = "<group>";
		};
		E8E5965060105B554E8CC815 /* Pods */ = {
			isa = PBXGroup;
			children = (
				47AF0C932978662B95E86405 /* Pods-Wikia.debug.xcconfig */,
				D98BED1B41D92B6D99124F1C /* Pods-Wikia.release.xcconfig */,
				89976763BEA122212FC9BF43 /* Pods-WikiaTests.debug.xcconfig */,
				B93D1BA018626E2A770F51E7 /* Pods-WikiaTests.release.xcconfig */,
			);
			path = Pods;
			sourceTree = "<group>";
		};
		F315B1B3228497DD00D445B2 /* RxCyclone */ = {
			isa = PBXGroup;
			children = (
				F315B1B4228497FE00D445B2 /* Cyclone.swift */,
				F315B1B62284980800D445B2 /* Event.swift */,
				F315B1B82284980F00D445B2 /* State.swift */,
			);
			path = RxCyclone;
			sourceTree = "<group>";
		};
		F315B1BA2284984100D445B2 /* View */ = {
			isa = PBXGroup;
			children = (
				F3BB5EAE2283402800CBD621 /* WikisListViewController.swift */,
				F3BB5EB02283406D00CBD621 /* WikiOverviewCell.swift */,
			);
			path = View;
			sourceTree = "<group>";
		};
		F315B1BB2284985600D445B2 /* Model */ = {
			isa = PBXGroup;
			children = (
				F315B1BE22849C6300D445B2 /* WikiOverview.swift */,
			);
			path = Model;
			sourceTree = "<group>";
		};
		F315B1C0228753D800D445B2 /* RxStorm */ = {
			isa = PBXGroup;
			children = (
				F315B1D72288911800D445B2 /* DataPool.swift */,
				F315B1C3228768BD00D445B2 /* Decode.swift */,
				F315B1C5228768D600D445B2 /* Endpoint.swift */,
				F315B1C7228768EA00D445B2 /* HTTPHeaders.swift */,
				F315B1D92288B09100D445B2 /* Operators.swift */,
				F315B1C1228768A700D445B2 /* RestAPI.swift */,
				F315B1C92287690700D445B2 /* SessionManager.swift */,
			);
			path = RxStorm;
			sourceTree = "<group>";
		};
		F315B1CD228770A600D445B2 /* Networking */ = {
			isa = PBXGroup;
			children = (
				F315B1D222888B9300D445B2 /* Model */,
				F315B1CE228770C400D445B2 /* WikiaAPI.swift */,
				F315B1D022888B6700D445B2 /* WikiaEndpoint.swift */,
			);
			path = Networking;
			sourceTree = "<group>";
		};
		F315B1D222888B9300D445B2 /* Model */ = {
			isa = PBXGroup;
			children = (
				F315B1E22288BD0F00D445B2 /* Batch.swift */,
				F315B1D322888BA900D445B2 /* Wiki.swift */,
			);
			path = Model;
			sourceTree = "<group>";
		};
		F315B1DC2288B7A600D445B2 /* Generated */ = {
			isa = PBXGroup;
			children = (
				F315B1DD2288B7FB00D445B2 /* R.generated.swift */,
			);
			path = Generated;
			sourceTree = "<group>";
		};
		F315B1DF2288BA3C00D445B2 /* RxCascade */ = {
			isa = PBXGroup;
			children = (
				F315B1E02288BA5A00D445B2 /* Feed.swift */,
				F315B1E42288CD9E00D445B2 /* UIScrollView+Feed.swift */,
			);
			path = RxCascade;
			sourceTree = "<group>";
		};
		F315B1EE228AF68000D445B2 /* Details */ = {
			isa = PBXGroup;
			children = (
				F315B1F2228AF75000D445B2 /* Model */,
				F315B1EF228AF68C00D445B2 /* View */,
				F315B1F5228AF7D200D445B2 /* WikiDetailsCyclone.swift */,
			);
			path = Details;
			sourceTree = "<group>";
		};
		F315B1EF228AF68C00D445B2 /* View */ = {
			isa = PBXGroup;
			children = (
				F315B1F0228AF6BC00D445B2 /* WikiDetailsViewController.swift */,
			);
			path = View;
			sourceTree = "<group>";
		};
		F315B1F2228AF75000D445B2 /* Model */ = {
			isa = PBXGroup;
			children = (
				F315B1F3228AF78600D445B2 /* WikiDetails.swift */,
				F315B1FC228C452F00D445B2 /* WikiStats.swift */,
			);
			path = Model;
			sourceTree = "<group>";
		};
		F315B1F9228B9AAD00D445B2 /* RxNavy */ = {
			isa = PBXGroup;
			children = (
				F315B1F7228B8D9800D445B2 /* UIViewController+RxSegue.swift */,
			);
			path = RxNavy;
			sourceTree = "<group>";
		};
		F35B9185228CC79F000F219A /* UI */ = {
			isa = PBXGroup;
			children = (
				F35B9186228CC7BE000F219A /* FixedHeightAspectFitImageView.swift */,
			);
			path = UI;
			sourceTree = "<group>";
		};
		F35B918A228CD090000F219A /* Website */ = {
			isa = PBXGroup;
			children = (
				F35B918B228CD0A6000F219A /* View */,
			);
			path = Website;
			sourceTree = "<group>";
		};
		F35B918B228CD0A6000F219A /* View */ = {
			isa = PBXGroup;
			children = (
				F35B918C228CD0BF000F219A /* WikiWebsiteViewController.swift */,
			);
			path = View;
			sourceTree = "<group>";
		};
		F3BB5E79228331BC00CBD621 = {
			isa = PBXGroup;
			children = (
				F3BB5E84228331BC00CBD621 /* Wikia */,
				F3BB5E99228331BC00CBD621 /* WikiaTests */,
				F3BB5E83228331BC00CBD621 /* Products */,
				E8E5965060105B554E8CC815 /* Pods */,
				DCDAD49677D51F77EA8164EF /* Frameworks */,
			);
			sourceTree = "<group>";
		};
		F3BB5E83228331BC00CBD621 /* Products */ = {
			isa = PBXGroup;
			children = (
				F3BB5E82228331BC00CBD621 /* Wikia.app */,
				F3BB5E96228331BC00CBD621 /* WikiaTests.xctest */,
			);
			name = Products;
			sourceTree = "<group>";
		};
		F3BB5E84228331BC00CBD621 /* Wikia */ = {
			isa = PBXGroup;
			children = (
				F3BB5EA62283331500CBD621 /* Common */,
				F3BB5EA5228332E500CBD621 /* Config */,
				F3BB5EA72283332800CBD621 /* Misc */,
				F3BB5EA82283334D00CBD621 /* Resource */,
				F3BB5EA92283336700CBD621 /* Scene */,
			);
			path = Wikia;
			sourceTree = "<group>";
		};
		F3BB5E99228331BC00CBD621 /* WikiaTests */ = {
			isa = PBXGroup;
			children = (
				F3BB5E9A228331BC00CBD621 /* WikiaTests.swift */,
				F3BB5E9C228331BC00CBD621 /* Info.plist */,
			);
			path = WikiaTests;
			sourceTree = "<group>";
		};
		F3BB5EA5228332E500CBD621 /* Config */ = {
			isa = PBXGroup;
			children = (
				F3BB5E91228331BC00CBD621 /* Info.plist */,
			);
			path = Config;
			sourceTree = "<group>";
		};
		F3BB5EA62283331500CBD621 /* Common */ = {
			isa = PBXGroup;
			children = (
				F3BB5EB22284769400CBD621 /* Extensions */,
				F315B1CD228770A600D445B2 /* Networking */,
				F315B1DF2288BA3C00D445B2 /* RxCascade */,
				F315B1B3228497DD00D445B2 /* RxCyclone */,
				F315B1F9228B9AAD00D445B2 /* RxNavy */,
				F3F75BAE229E8F6F0050F1FC /* RxSinkEmAll */,
				F315B1C0228753D800D445B2 /* RxStorm */,
				F35B9185228CC79F000F219A /* UI */,
			);
			path = Common;
			sourceTree = "<group>";
		};
		F3BB5EA72283332800CBD621 /* Misc */ = {
			isa = PBXGroup;
			children = (
				F315B1DC2288B7A600D445B2 /* Generated */,
				F3BB5E85228331BC00CBD621 /* AppDelegate.swift */,
				F3BB5E8E228331BC00CBD621 /* LaunchScreen.storyboard */,
			);
			path = Misc;
			sourceTree = "<group>";
		};
		F3BB5EA82283334D00CBD621 /* Resource */ = {
			isa = PBXGroup;
			children = (
				F3BB5E8C228331BC00CBD621 /* Assets.xcassets */,
			);
			path = Resource;
			sourceTree = "<group>";
		};
		F3BB5EA92283336700CBD621 /* Scene */ = {
			isa = PBXGroup;
			children = (
				F3BB5EAA2283338100CBD621 /* Wikis */,
			);
			path = Scene;
			sourceTree = "<group>";
		};
		F3BB5EAA2283338100CBD621 /* Wikis */ = {
			isa = PBXGroup;
			children = (
				F35B918A228CD090000F219A /* Website */,
				F315B1EE228AF68000D445B2 /* Details */,
				F3BB5EAD22833FD900CBD621 /* List */,
				F3BB5EAB2283340000CBD621 /* Wikis.storyboard */,
				F315B1D5228890DE00D445B2 /* WikisPool.swift */,
			);
			path = Wikis;
			sourceTree = "<group>";
		};
		F3BB5EAD22833FD900CBD621 /* List */ = {
			isa = PBXGroup;
			children = (
				F315B1BB2284985600D445B2 /* Model */,
				F315B1BA2284984100D445B2 /* View */,
				F315B1BC2284989000D445B2 /* WikisListCyclone.swift */,
			);
			path = List;
			sourceTree = "<group>";
		};
		F3BB5EB22284769400CBD621 /* Extensions */ = {
			isa = PBXGroup;
			children = (
				F3BB5EB3228476D500CBD621 /* CALayer+IB.swift */,
				F315B1CB228769D700D445B2 /* URL+ExpressibleByString.swift */,
			);
			path = Extensions;
			sourceTree = "<group>";
		};
		F3F75BAE229E8F6F0050F1FC /* RxSinkEmAll */ = {
			isa = PBXGroup;
			children = (
				F3F75BB3229E912A0050F1FC /* Handler */,
				F3F75BAF229E90FB0050F1FC /* ErrorFiring.swift */,
				F3F75BBC22A0CC230050F1FC /* Retriable.swift */,
				F3F75BBE22A147150050F1FC /* Loggable.swift */,
			);
			path = RxSinkEmAll;
			sourceTree = "<group>";
		};
		F3F75BB3229E912A0050F1FC /* Handler */ = {
			isa = PBXGroup;
			children = (
				F3F75BB5229E91430050F1FC /* LogErrorHandler.swift */,
			);
			path = Handler;
			sourceTree = "<group>";
		};
/* End PBXGroup section */

/* Begin PBXNativeTarget section */
		F3BB5E81228331BC00CBD621 /* Wikia */ = {
			isa = PBXNativeTarget;
			buildConfigurationList = F3BB5E9F228331BC00CBD621 /* Build configuration list for PBXNativeTarget "Wikia" */;
			buildPhases = (
				968F15BFDE52234ACE8D86EB /* [CP] Check Pods Manifest.lock */,
				F315B1DB2288B76500D445B2 /* R.swift */,
				F3BB5E7E228331BC00CBD621 /* Sources */,
				F3BB5E7F228331BC00CBD621 /* Frameworks */,
				F3BB5E80228331BC00CBD621 /* Resources */,
				889B8BD96E4033A84E9758C1 /* [CP] Embed Pods Frameworks */,
			);
			buildRules = (
			);
			dependencies = (
			);
			name = Wikia;
			productName = Wikia;
			productReference = F3BB5E82228331BC00CBD621 /* Wikia.app */;
			productType = "com.apple.product-type.application";
		};
		F3BB5E95228331BC00CBD621 /* WikiaTests */ = {
			isa = PBXNativeTarget;
			buildConfigurationList = F3BB5EA2228331BC00CBD621 /* Build configuration list for PBXNativeTarget "WikiaTests" */;
			buildPhases = (
				C4B9D24C24ECBE55FC8FDA0A /* [CP] Check Pods Manifest.lock */,
				F3BB5E92228331BC00CBD621 /* Sources */,
				F3BB5E93228331BC00CBD621 /* Frameworks */,
				F3BB5E94228331BC00CBD621 /* Resources */,
			);
			buildRules = (
			);
			dependencies = (
				F3BB5E98228331BC00CBD621 /* PBXTargetDependency */,
			);
			name = WikiaTests;
			productName = WikiaTests;
			productReference = F3BB5E96228331BC00CBD621 /* WikiaTests.xctest */;
			productType = "com.apple.product-type.bundle.unit-test";
		};
/* End PBXNativeTarget section */

/* Begin PBXProject section */
		F3BB5E7A228331BC00CBD621 /* Project object */ = {
			isa = PBXProject;
			attributes = {
				LastSwiftUpdateCheck = 1020;
				LastUpgradeCheck = 1020;
				ORGANIZATIONNAME = lyzkov;
				TargetAttributes = {
					F3BB5E81228331BC00CBD621 = {
						CreatedOnToolsVersion = 10.2.1;
					};
					F3BB5E95228331BC00CBD621 = {
						CreatedOnToolsVersion = 10.2.1;
						TestTargetID = F3BB5E81228331BC00CBD621;
					};
				};
			};
			buildConfigurationList = F3BB5E7D228331BC00CBD621 /* Build configuration list for PBXProject "Wikia" */;
			compatibilityVersion = "Xcode 9.3";
			developmentRegion = en;
			hasScannedForEncodings = 0;
			knownRegions = (
				en,
				Base,
			);
			mainGroup = F3BB5E79228331BC00CBD621;
			productRefGroup = F3BB5E83228331BC00CBD621 /* Products */;
			projectDirPath = "";
			projectRoot = "";
			targets = (
				F3BB5E81228331BC00CBD621 /* Wikia */,
				F3BB5E95228331BC00CBD621 /* WikiaTests */,
			);
		};
/* End PBXProject section */

/* Begin PBXResourcesBuildPhase section */
		F3BB5E80228331BC00CBD621 /* Resources */ = {
			isa = PBXResourcesBuildPhase;
			buildActionMask = 2147483647;
			files = (
				F3BB5EAC2283340000CBD621 /* Wikis.storyboard in Resources */,
				F3BB5E90228331BC00CBD621 /* LaunchScreen.storyboard in Resources */,
				F3BB5E8D228331BC00CBD621 /* Assets.xcassets in Resources */,
			);
			runOnlyForDeploymentPostprocessing = 0;
		};
		F3BB5E94228331BC00CBD621 /* Resources */ = {
			isa = PBXResourcesBuildPhase;
			buildActionMask = 2147483647;
			files = (
			);
			runOnlyForDeploymentPostprocessing = 0;
		};
/* End PBXResourcesBuildPhase section */

/* Begin PBXShellScriptBuildPhase section */
		889B8BD96E4033A84E9758C1 /* [CP] Embed Pods Frameworks */ = {
			isa = PBXShellScriptBuildPhase;
			buildActionMask = 2147483647;
			files = (
			);
			inputFileListPaths = (
			);
			inputPaths = (
				"${PODS_ROOT}/Target Support Files/Pods-Wikia/Pods-Wikia-frameworks.sh",
				"${BUILT_PRODUCTS_DIR}/Alamofire/Alamofire.framework",
				"${BUILT_PRODUCTS_DIR}/Codextended/Codextended.framework",
				"${BUILT_PRODUCTS_DIR}/Kingfisher/Kingfisher.framework",
				"${BUILT_PRODUCTS_DIR}/R.swift.Library/Rswift.framework",
				"${BUILT_PRODUCTS_DIR}/RxAlamofire/RxAlamofire.framework",
				"${BUILT_PRODUCTS_DIR}/RxCocoa/RxCocoa.framework",
				"${BUILT_PRODUCTS_DIR}/RxFeedback/RxFeedback.framework",
				"${BUILT_PRODUCTS_DIR}/RxRelay/RxRelay.framework",
				"${BUILT_PRODUCTS_DIR}/RxSwift/RxSwift.framework",
			);
			name = "[CP] Embed Pods Frameworks";
			outputFileListPaths = (
			);
			outputPaths = (
				"${TARGET_BUILD_DIR}/${FRAMEWORKS_FOLDER_PATH}/Alamofire.framework",
				"${TARGET_BUILD_DIR}/${FRAMEWORKS_FOLDER_PATH}/Codextended.framework",
				"${TARGET_BUILD_DIR}/${FRAMEWORKS_FOLDER_PATH}/Kingfisher.framework",
				"${TARGET_BUILD_DIR}/${FRAMEWORKS_FOLDER_PATH}/Rswift.framework",
				"${TARGET_BUILD_DIR}/${FRAMEWORKS_FOLDER_PATH}/RxAlamofire.framework",
				"${TARGET_BUILD_DIR}/${FRAMEWORKS_FOLDER_PATH}/RxCocoa.framework",
				"${TARGET_BUILD_DIR}/${FRAMEWORKS_FOLDER_PATH}/RxFeedback.framework",
				"${TARGET_BUILD_DIR}/${FRAMEWORKS_FOLDER_PATH}/RxRelay.framework",
				"${TARGET_BUILD_DIR}/${FRAMEWORKS_FOLDER_PATH}/RxSwift.framework",
			);
			runOnlyForDeploymentPostprocessing = 0;
			shellPath = /bin/sh;
			shellScript = "\"${PODS_ROOT}/Target Support Files/Pods-Wikia/Pods-Wikia-frameworks.sh\"\n";
			showEnvVarsInLog = 0;
		};
		968F15BFDE52234ACE8D86EB /* [CP] Check Pods Manifest.lock */ = {
			isa = PBXShellScriptBuildPhase;
			buildActionMask = 2147483647;
			files = (
			);
			inputFileListPaths = (
			);
			inputPaths = (
				"${PODS_PODFILE_DIR_PATH}/Podfile.lock",
				"${PODS_ROOT}/Manifest.lock",
			);
			name = "[CP] Check Pods Manifest.lock";
			outputFileListPaths = (
			);
			outputPaths = (
				"$(DERIVED_FILE_DIR)/Pods-Wikia-checkManifestLockResult.txt",
			);
			runOnlyForDeploymentPostprocessing = 0;
			shellPath = /bin/sh;
			shellScript = "diff \"${PODS_PODFILE_DIR_PATH}/Podfile.lock\" \"${PODS_ROOT}/Manifest.lock\" > /dev/null\nif [ $? != 0 ] ; then\n    # print error to STDERR\n    echo \"error: The sandbox is not in sync with the Podfile.lock. Run 'pod install' or update your CocoaPods installation.\" >&2\n    exit 1\nfi\n# This output is used by Xcode 'outputs' to avoid re-running this script phase.\necho \"SUCCESS\" > \"${SCRIPT_OUTPUT_FILE_0}\"\n";
			showEnvVarsInLog = 0;
		};
		C4B9D24C24ECBE55FC8FDA0A /* [CP] Check Pods Manifest.lock */ = {
			isa = PBXShellScriptBuildPhase;
			buildActionMask = 2147483647;
			files = (
			);
			inputFileListPaths = (
			);
			inputPaths = (
				"${PODS_PODFILE_DIR_PATH}/Podfile.lock",
				"${PODS_ROOT}/Manifest.lock",
			);
			name = "[CP] Check Pods Manifest.lock";
			outputFileListPaths = (
			);
			outputPaths = (
				"$(DERIVED_FILE_DIR)/Pods-WikiaTests-checkManifestLockResult.txt",
			);
			runOnlyForDeploymentPostprocessing = 0;
			shellPath = /bin/sh;
			shellScript = "diff \"${PODS_PODFILE_DIR_PATH}/Podfile.lock\" \"${PODS_ROOT}/Manifest.lock\" > /dev/null\nif [ $? != 0 ] ; then\n    # print error to STDERR\n    echo \"error: The sandbox is not in sync with the Podfile.lock. Run 'pod install' or update your CocoaPods installation.\" >&2\n    exit 1\nfi\n# This output is used by Xcode 'outputs' to avoid re-running this script phase.\necho \"SUCCESS\" > \"${SCRIPT_OUTPUT_FILE_0}\"\n";
			showEnvVarsInLog = 0;
		};
		F315B1DB2288B76500D445B2 /* R.swift */ = {
			isa = PBXShellScriptBuildPhase;
			buildActionMask = 2147483647;
			files = (
			);
			inputFileListPaths = (
			);
			inputPaths = (
				"$TEMP_DIR/rswift-lastrun",
			);
			name = R.swift;
			outputFileListPaths = (
			);
			outputPaths = (
				$SRCROOT/Wikia/Misc/Generated/R.generated.swift,
			);
			runOnlyForDeploymentPostprocessing = 0;
			shellPath = /bin/sh;
			shellScript = "\"$PODS_ROOT/R.swift/rswift\" generate \"$SRCROOT/Wikia/Misc/Generated/R.generated.swift\"\n";
		};
/* End PBXShellScriptBuildPhase section */

/* Begin PBXSourcesBuildPhase section */
		F3BB5E7E228331BC00CBD621 /* Sources */ = {
			isa = PBXSourcesBuildPhase;
			buildActionMask = 2147483647;
			files = (
				F35B918D228CD0BF000F219A /* WikiWebsiteViewController.swift in Sources */,
				F315B1E32288BD0F00D445B2 /* Batch.swift in Sources */,
				F315B1B5228497FE00D445B2 /* Cyclone.swift in Sources */,
				F315B1F6228AF7D200D445B2 /* WikiDetailsCyclone.swift in Sources */,
				F3BB5EB12283406D00CBD621 /* WikiOverviewCell.swift in Sources */,
				F315B1DA2288B09100D445B2 /* Operators.swift in Sources */,
				F3F75BBF22A147150050F1FC /* Loggable.swift in Sources */,
				F3F75BB0229E90FB0050F1FC /* ErrorFiring.swift in Sources */,
				F315B1D122888B6700D445B2 /* WikiaEndpoint.swift in Sources */,
				F3BB5EAF2283402800CBD621 /* WikisListViewController.swift in Sources */,
				F315B1FD228C452F00D445B2 /* WikiStats.swift in Sources */,
				F3F75BBD22A0CC230050F1FC /* Retriable.swift in Sources */,
				F315B1BF22849C6300D445B2 /* WikiOverview.swift in Sources */,
				F315B1D6228890DE00D445B2 /* WikisPool.swift in Sources */,
				F315B1BD2284989000D445B2 /* WikisListCyclone.swift in Sources */,
				F315B1E52288CD9E00D445B2 /* UIScrollView+Feed.swift in Sources */,
				F315B1CC228769D700D445B2 /* URL+ExpressibleByString.swift in Sources */,
				F3F75BB6229E91430050F1FC /* LogErrorHandler.swift in Sources */,
				F315B1F4228AF78600D445B2 /* WikiDetails.swift in Sources */,
				F315B1DE2288B7FB00D445B2 /* R.generated.swift in Sources */,
				F3BB5EB4228476D500CBD621 /* CALayer+IB.swift in Sources */,
				F315B1F1228AF6BC00D445B2 /* WikiDetailsViewController.swift in Sources */,
				F315B1D82288911800D445B2 /* DataPool.swift in Sources */,
				F315B1CA2287690700D445B2 /* SessionManager.swift in Sources */,
				F315B1CF228770C400D445B2 /* WikiaAPI.swift in Sources */,
				F315B1C2228768A700D445B2 /* RestAPI.swift in Sources */,
				F315B1D422888BA900D445B2 /* Wiki.swift in Sources */,
				F315B1B72284980800D445B2 /* Event.swift in Sources */,
				F315B1C4228768BD00D445B2 /* Decode.swift in Sources */,
				F35B9187228CC7BE000F219A /* FixedHeightAspectFitImageView.swift in Sources */,
				F315B1B92284980F00D445B2 /* State.swift in Sources */,
				F315B1C6228768D600D445B2 /* Endpoint.swift in Sources */,
				F315B1E12288BA5A00D445B2 /* Feed.swift in Sources */,
				F3BB5E86228331BC00CBD621 /* AppDelegate.swift in Sources */,
				F315B1F8228B8D9800D445B2 /* UIViewController+RxSegue.swift in Sources */,
				F315B1C8228768EA00D445B2 /* HTTPHeaders.swift in Sources */,
			);
			runOnlyForDeploymentPostprocessing = 0;
		};
		F3BB5E92228331BC00CBD621 /* Sources */ = {
			isa = PBXSourcesBuildPhase;
			buildActionMask = 2147483647;
			files = (
				F3BB5E9B228331BC00CBD621 /* WikiaTests.swift in Sources */,
			);
			runOnlyForDeploymentPostprocessing = 0;
		};
/* End PBXSourcesBuildPhase section */

/* Begin PBXTargetDependency section */
		F3BB5E98228331BC00CBD621 /* PBXTargetDependency */ = {
			isa = PBXTargetDependency;
			target = F3BB5E81228331BC00CBD621 /* Wikia */;
			targetProxy = F3BB5E97228331BC00CBD621 /* PBXContainerItemProxy */;
		};
/* End PBXTargetDependency section */

/* Begin PBXVariantGroup section */
		F3BB5E8E228331BC00CBD621 /* LaunchScreen.storyboard */ = {
			isa = PBXVariantGroup;
			children = (
				F3BB5E8F228331BC00CBD621 /* Base */,
			);
			name = LaunchScreen.storyboard;
			sourceTree = "<group>";
		};
/* End PBXVariantGroup section */

/* Begin XCBuildConfiguration section */
		F3BB5E9D228331BC00CBD621 /* Debug */ = {
			isa = XCBuildConfiguration;
			buildSettings = {
				ALWAYS_SEARCH_USER_PATHS = NO;
				CLANG_ANALYZER_NONNULL = YES;
				CLANG_ANALYZER_NUMBER_OBJECT_CONVERSION = YES_AGGRESSIVE;
				CLANG_CXX_LANGUAGE_STANDARD = "gnu++14";
				CLANG_CXX_LIBRARY = "libc++";
				CLANG_ENABLE_MODULES = YES;
				CLANG_ENABLE_OBJC_ARC = YES;
				CLANG_ENABLE_OBJC_WEAK = YES;
				CLANG_WARN_BLOCK_CAPTURE_AUTORELEASING = YES;
				CLANG_WARN_BOOL_CONVERSION = YES;
				CLANG_WARN_COMMA = YES;
				CLANG_WARN_CONSTANT_CONVERSION = YES;
				CLANG_WARN_DEPRECATED_OBJC_IMPLEMENTATIONS = YES;
				CLANG_WARN_DIRECT_OBJC_ISA_USAGE = YES_ERROR;
				CLANG_WARN_DOCUMENTATION_COMMENTS = YES;
				CLANG_WARN_EMPTY_BODY = YES;
				CLANG_WARN_ENUM_CONVERSION = YES;
				CLANG_WARN_INFINITE_RECURSION = YES;
				CLANG_WARN_INT_CONVERSION = YES;
				CLANG_WARN_NON_LITERAL_NULL_CONVERSION = YES;
				CLANG_WARN_OBJC_IMPLICIT_RETAIN_SELF = YES;
				CLANG_WARN_OBJC_LITERAL_CONVERSION = YES;
				CLANG_WARN_OBJC_ROOT_CLASS = YES_ERROR;
				CLANG_WARN_RANGE_LOOP_ANALYSIS = YES;
				CLANG_WARN_STRICT_PROTOTYPES = YES;
				CLANG_WARN_SUSPICIOUS_MOVE = YES;
				CLANG_WARN_UNGUARDED_AVAILABILITY = YES_AGGRESSIVE;
				CLANG_WARN_UNREACHABLE_CODE = YES;
				CLANG_WARN__DUPLICATE_METHOD_MATCH = YES;
				CODE_SIGN_IDENTITY = "iPhone Developer";
				COPY_PHASE_STRIP = NO;
				DEBUG_INFORMATION_FORMAT = dwarf;
				ENABLE_STRICT_OBJC_MSGSEND = YES;
				ENABLE_TESTABILITY = YES;
				GCC_C_LANGUAGE_STANDARD = gnu11;
				GCC_DYNAMIC_NO_PIC = NO;
				GCC_NO_COMMON_BLOCKS = YES;
				GCC_OPTIMIZATION_LEVEL = 0;
				GCC_PREPROCESSOR_DEFINITIONS = (
					"DEBUG=1",
					"$(inherited)",
				);
				GCC_WARN_64_TO_32_BIT_CONVERSION = YES;
				GCC_WARN_ABOUT_RETURN_TYPE = YES_ERROR;
				GCC_WARN_UNDECLARED_SELECTOR = YES;
				GCC_WARN_UNINITIALIZED_AUTOS = YES_AGGRESSIVE;
				GCC_WARN_UNUSED_FUNCTION = YES;
				GCC_WARN_UNUSED_VARIABLE = YES;
				IPHONEOS_DEPLOYMENT_TARGET = 12.2;
				MTL_ENABLE_DEBUG_INFO = INCLUDE_SOURCE;
				MTL_FAST_MATH = YES;
				ONLY_ACTIVE_ARCH = YES;
				SDKROOT = iphoneos;
				SWIFT_ACTIVE_COMPILATION_CONDITIONS = DEBUG;
				SWIFT_OPTIMIZATION_LEVEL = "-Onone";
			};
			name = Debug;
		};
		F3BB5E9E228331BC00CBD621 /* Release */ = {
			isa = XCBuildConfiguration;
			buildSettings = {
				ALWAYS_SEARCH_USER_PATHS = NO;
				CLANG_ANALYZER_NONNULL = YES;
				CLANG_ANALYZER_NUMBER_OBJECT_CONVERSION = YES_AGGRESSIVE;
				CLANG_CXX_LANGUAGE_STANDARD = "gnu++14";
				CLANG_CXX_LIBRARY = "libc++";
				CLANG_ENABLE_MODULES = YES;
				CLANG_ENABLE_OBJC_ARC = YES;
				CLANG_ENABLE_OBJC_WEAK = YES;
				CLANG_WARN_BLOCK_CAPTURE_AUTORELEASING = YES;
				CLANG_WARN_BOOL_CONVERSION = YES;
				CLANG_WARN_COMMA = YES;
				CLANG_WARN_CONSTANT_CONVERSION = YES;
				CLANG_WARN_DEPRECATED_OBJC_IMPLEMENTATIONS = YES;
				CLANG_WARN_DIRECT_OBJC_ISA_USAGE = YES_ERROR;
				CLANG_WARN_DOCUMENTATION_COMMENTS = YES;
				CLANG_WARN_EMPTY_BODY = YES;
				CLANG_WARN_ENUM_CONVERSION = YES;
				CLANG_WARN_INFINITE_RECURSION = YES;
				CLANG_WARN_INT_CONVERSION = YES;
				CLANG_WARN_NON_LITERAL_NULL_CONVERSION = YES;
				CLANG_WARN_OBJC_IMPLICIT_RETAIN_SELF = YES;
				CLANG_WARN_OBJC_LITERAL_CONVERSION = YES;
				CLANG_WARN_OBJC_ROOT_CLASS = YES_ERROR;
				CLANG_WARN_RANGE_LOOP_ANALYSIS = YES;
				CLANG_WARN_STRICT_PROTOTYPES = YES;
				CLANG_WARN_SUSPICIOUS_MOVE = YES;
				CLANG_WARN_UNGUARDED_AVAILABILITY = YES_AGGRESSIVE;
				CLANG_WARN_UNREACHABLE_CODE = YES;
				CLANG_WARN__DUPLICATE_METHOD_MATCH = YES;
				CODE_SIGN_IDENTITY = "iPhone Developer";
				COPY_PHASE_STRIP = NO;
				DEBUG_INFORMATION_FORMAT = "dwarf-with-dsym";
				ENABLE_NS_ASSERTIONS = NO;
				ENABLE_STRICT_OBJC_MSGSEND = YES;
				GCC_C_LANGUAGE_STANDARD = gnu11;
				GCC_NO_COMMON_BLOCKS = YES;
				GCC_WARN_64_TO_32_BIT_CONVERSION = YES;
				GCC_WARN_ABOUT_RETURN_TYPE = YES_ERROR;
				GCC_WARN_UNDECLARED_SELECTOR = YES;
				GCC_WARN_UNINITIALIZED_AUTOS = YES_AGGRESSIVE;
				GCC_WARN_UNUSED_FUNCTION = YES;
				GCC_WARN_UNUSED_VARIABLE = YES;
				IPHONEOS_DEPLOYMENT_TARGET = 12.2;
				MTL_ENABLE_DEBUG_INFO = NO;
				MTL_FAST_MATH = YES;
				SDKROOT = iphoneos;
				SWIFT_COMPILATION_MODE = wholemodule;
				SWIFT_OPTIMIZATION_LEVEL = "-O";
				VALIDATE_PRODUCT = YES;
			};
			name = Release;
		};
		F3BB5EA0228331BC00CBD621 /* Debug */ = {
			isa = XCBuildConfiguration;
			baseConfigurationReference = 47AF0C932978662B95E86405 /* Pods-Wikia.debug.xcconfig */;
			buildSettings = {
				ASSETCATALOG_COMPILER_APPICON_NAME = AppIcon;
				CODE_SIGN_IDENTITY = "iPhone Developer";
				CODE_SIGN_STYLE = Automatic;
				DEVELOPMENT_TEAM = "";
				FRAMEWORK_SEARCH_PATHS = "$(inherited)";
				INFOPLIST_FILE = Wikia/Config/Info.plist;
				LD_RUNPATH_SEARCH_PATHS = (
					"$(inherited)",
					"@executable_path/Frameworks",
				);
				PRODUCT_BUNDLE_IDENTIFIER = com.lyzkov.Wikia;
				PRODUCT_NAME = "$(TARGET_NAME)";
				PROVISIONING_PROFILE_SPECIFIER = "";
				SWIFT_VERSION = 5.0;
				TARGETED_DEVICE_FAMILY = 1;
			};
			name = Debug;
		};
		F3BB5EA1228331BC00CBD621 /* Release */ = {
			isa = XCBuildConfiguration;
			baseConfigurationReference = D98BED1B41D92B6D99124F1C /* Pods-Wikia.release.xcconfig */;
			buildSettings = {
				ASSETCATALOG_COMPILER_APPICON_NAME = AppIcon;
				CODE_SIGN_IDENTITY = "iPhone Developer";
				CODE_SIGN_STYLE = Automatic;
				DEVELOPMENT_TEAM = "";
				FRAMEWORK_SEARCH_PATHS = "$(inherited)";
				INFOPLIST_FILE = Wikia/Config/Info.plist;
				LD_RUNPATH_SEARCH_PATHS = (
					"$(inherited)",
					"@executable_path/Frameworks",
				);
				PRODUCT_BUNDLE_IDENTIFIER = com.lyzkov.Wikia;
				PRODUCT_NAME = "$(TARGET_NAME)";
				PROVISIONING_PROFILE_SPECIFIER = "";
				SWIFT_VERSION = 5.0;
				TARGETED_DEVICE_FAMILY = 1;
			};
			name = Release;
		};
		F3BB5EA3228331BC00CBD621 /* Debug */ = {
			isa = XCBuildConfiguration;
			baseConfigurationReference = 89976763BEA122212FC9BF43 /* Pods-WikiaTests.debug.xcconfig */;
			buildSettings = {
				ALWAYS_EMBED_SWIFT_STANDARD_LIBRARIES = YES;
				BUNDLE_LOADER = "$(TEST_HOST)";
				CODE_SIGN_STYLE = Automatic;
				DEVELOPMENT_TEAM = WPZC96H3B4;
				INFOPLIST_FILE = WikiaTests/Info.plist;
				LD_RUNPATH_SEARCH_PATHS = (
					"$(inherited)",
					"@executable_path/Frameworks",
					"@loader_path/Frameworks",
				);
				PRODUCT_BUNDLE_IDENTIFIER = com.lyzkov.WikiaTests;
				PRODUCT_NAME = "$(TARGET_NAME)";
				SWIFT_VERSION = 5.0;
				TARGETED_DEVICE_FAMILY = "1,2";
				TEST_HOST = "$(BUILT_PRODUCTS_DIR)/Wikia.app/Wikia";
			};
			name = Debug;
		};
		F3BB5EA4228331BC00CBD621 /* Release */ = {
			isa = XCBuildConfiguration;
			baseConfigurationReference = B93D1BA018626E2A770F51E7 /* Pods-WikiaTests.release.xcconfig */;
			buildSettings = {
				ALWAYS_EMBED_SWIFT_STANDARD_LIBRARIES = YES;
				BUNDLE_LOADER = "$(TEST_HOST)";
				CODE_SIGN_STYLE = Automatic;
				DEVELOPMENT_TEAM = WPZC96H3B4;
				INFOPLIST_FILE = WikiaTests/Info.plist;
				LD_RUNPATH_SEARCH_PATHS = (
					"$(inherited)",
					"@executable_path/Frameworks",
					"@loader_path/Frameworks",
				);
				PRODUCT_BUNDLE_IDENTIFIER = com.lyzkov.WikiaTests;
				PRODUCT_NAME = "$(TARGET_NAME)";
				SWIFT_VERSION = 5.0;
				TARGETED_DEVICE_FAMILY = "1,2";
				TEST_HOST = "$(BUILT_PRODUCTS_DIR)/Wikia.app/Wikia";
			};
			name = Release;
		};
/* End XCBuildConfiguration section */

/* Begin XCConfigurationList section */
		F3BB5E7D228331BC00CBD621 /* Build configuration list for PBXProject "Wikia" */ = {
			isa = XCConfigurationList;
			buildConfigurations = (
				F3BB5E9D228331BC00CBD621 /* Debug */,
				F3BB5E9E228331BC00CBD621 /* Release */,
			);
			defaultConfigurationIsVisible = 0;
			defaultConfigurationName = Release;
		};
		F3BB5E9F228331BC00CBD621 /* Build configuration list for PBXNativeTarget "Wikia" */ = {
			isa = XCConfigurationList;
			buildConfigurations = (
				F3BB5EA0228331BC00CBD621 /* Debug */,
				F3BB5EA1228331BC00CBD621 /* Release */,
			);
			defaultConfigurationIsVisible = 0;
			defaultConfigurationName = Release;
		};
		F3BB5EA2228331BC00CBD621 /* Build configuration list for PBXNativeTarget "WikiaTests" */ = {
			isa = XCConfigurationList;
			buildConfigurations = (
				F3BB5EA3228331BC00CBD621 /* Debug */,
				F3BB5EA4228331BC00CBD621 /* Release */,
			);
			defaultConfigurationIsVisible = 0;
			defaultConfigurationName = Release;
		};
/* End XCConfigurationList section */
	};
	rootObject = F3BB5E7A228331BC00CBD621 /* Project object */;
}
